[[package]]
category = "dev"
description = "Atomic file writes."
marker = "sys_platform == \"win32\""
name = "atomicwrites"
optional = false
python-versions = ">=2.7, !=3.0.*, !=3.1.*, !=3.2.*, !=3.3.*"
version = "1.4.0"

[[package]]
category = "dev"
description = "Classes Without Boilerplate"
name = "attrs"
optional = false
python-versions = ">=2.7, !=3.0.*, !=3.1.*, !=3.2.*, !=3.3.*"
version = "19.3.0"

[package.extras]
azure-pipelines = ["coverage", "hypothesis", "pympler", "pytest (>=4.3.0)", "six", "zope.interface", "pytest-azurepipelines"]
dev = ["coverage", "hypothesis", "pympler", "pytest (>=4.3.0)", "six", "zope.interface", "sphinx", "pre-commit"]
docs = ["sphinx", "zope.interface"]
tests = ["coverage", "hypothesis", "pympler", "pytest (>=4.3.0)", "six", "zope.interface"]

[[package]]
category = "dev"
description = "Build Nice User Interfaces In The Terminal"
name = "cli-ui"
optional = false
python-versions = ">=3.5,<4.0"
version = "0.10.3"

[package.dependencies]
colorama = ">=0.4.1,<0.5.0"
tabulate = ">=0.8.3,<0.9.0"
unidecode = ">=1.0.23,<2.0.0"

[[package]]
category = "dev"
description = "Cross-platform colored terminal text."
name = "colorama"
optional = false
python-versions = ">=2.7, !=3.0.*, !=3.1.*, !=3.2.*, !=3.3.*, !=3.4.*"
version = "0.4.4"

[[package]]
category = "dev"
description = "Backports and enhancements for the contextlib module"
name = "contextlib2"
optional = false
python-versions = ">=2.7, !=3.0.*, !=3.1.*, !=3.2.*, !=3.3.*"
version = "0.6.0.post1"

[[package]]
category = "dev"
description = "Pythonic argument parser, that will make you smile"
name = "docopt"
optional = false
python-versions = "*"
version = "0.6.2"

[[package]]
category = "main"
description = "HTTP/2-based RPC framework"
name = "grpcio"
optional = false
python-versions = "*"
version = "1.36.1"

[package.dependencies]
six = ">=1.5.2"

[package.extras]
protobuf = ["grpcio-tools (>=1.36.1)"]

[[package]]
category = "dev"
description = "Read metadata from Python packages"
marker = "python_version < \"3.8\""
name = "importlib-metadata"
optional = false
python-versions = ">=3.6"
version = "3.7.2"

[package.dependencies]
zipp = ">=0.5"

[package.dependencies.typing-extensions]
python = "<3.8"
version = ">=3.6.4"

[package.extras]
docs = ["sphinx", "jaraco.packaging (>=8.2)", "rst.linker (>=1.9)"]
testing = ["pytest (>=3.5,<3.7.3 || >3.7.3)", "pytest-checkdocs (>=1.2.3)", "pytest-flake8", "pytest-cov", "pytest-enabler", "packaging", "pep517", "pyfakefs", "flufl.flake8", "pytest-black (>=0.3.7)", "pytest-mypy", "importlib-resources (>=1.3)"]

[[package]]
category = "dev"
description = "More routines for operating on iterables, beyond itertools"
name = "more-itertools"
optional = false
python-versions = ">=3.5"
version = "8.7.0"

[[package]]
category = "dev"
description = "Core utilities for Python packages"
name = "packaging"
optional = false
python-versions = ">=2.7, !=3.0.*, !=3.1.*, !=3.2.*, !=3.3.*"
version = "20.9"

[package.dependencies]
pyparsing = ">=2.0.2"

[[package]]
category = "dev"
description = "plugin and hook calling mechanisms for python"
name = "pluggy"
optional = false
python-versions = ">=2.7, !=3.0.*, !=3.1.*, !=3.2.*, !=3.3.*"
version = "0.13.1"

[package.dependencies]
[package.dependencies.importlib-metadata]
python = "<3.8"
version = ">=0.12"

[package.extras]
dev = ["pre-commit", "tox"]

[[package]]
category = "main"
description = "Wraps the portalocker recipe for easy usage"
name = "portalocker"
optional = false
python-versions = "*"
version = "2.2.1"

[package.dependencies]
pywin32 = "!=226"

[package.extras]
docs = ["sphinx (>=1.7.1)"]
redis = ["redis"]
tests = ["pytest (>=5.4.1)", "pytest-cov (>=2.8.1)", "sphinx (>=3.0.3)", "pytest-flake8 (>=1.0.5)", "pytest-mypy (>=0.8.0)", "redis"]

[[package]]
category = "dev"
description = "library with cross-python path, ini-parsing, io, code, log facilities"
name = "py"
optional = false
python-versions = ">=2.7, !=3.0.*, !=3.1.*, !=3.2.*, !=3.3.*"
version = "1.10.0"

[[package]]
category = "dev"
description = "Python parsing module"
name = "pyparsing"
optional = false
python-versions = ">=2.6, !=3.0.*, !=3.1.*, !=3.2.*"
version = "2.4.7"

[[package]]
category = "dev"
description = "pytest: simple powerful testing with Python"
name = "pytest"
optional = false
python-versions = ">=3.5"
version = "5.4.3"

[package.dependencies]
atomicwrites = ">=1.0"
attrs = ">=17.4.0"
colorama = "*"
more-itertools = ">=4.0.0"
packaging = "*"
pluggy = ">=0.12,<1.0"
py = ">=1.5.0"
wcwidth = "*"

[package.dependencies.importlib-metadata]
python = "<3.8"
version = ">=0.12"

[package.extras]
checkqa-mypy = ["mypy (v0.761)"]
testing = ["argcomplete", "hypothesis (>=3.56)", "mock", "nose", "requests", "xmlschema"]

[[package]]
category = "main"
description = "Python for Window Extensions"
marker = "platform_system == \"Windows\""
name = "pywin32"
optional = false
python-versions = "*"
version = "300"

[[package]]
category = "dev"
description = "Simple data validation library"
name = "schema"
optional = false
python-versions = "*"
version = "0.7.4"

[package.dependencies]
contextlib2 = ">=0.5.5"

[[package]]
category = "main"
description = "Python 2 and 3 compatibility utilities"
name = "six"
optional = false
python-versions = ">=2.7, !=3.0.*, !=3.1.*, !=3.2.*"
version = "1.15.0"

[[package]]
category = "dev"
description = "Pretty-print tabular data"
name = "tabulate"
optional = false
python-versions = "*"
version = "0.8.9"

[package.extras]
widechars = ["wcwidth"]

[[package]]
category = "dev"
description = "Bump software releases"
name = "tbump"
optional = false
python-versions = ">=3.6,<4.0"
version = "6.3.1"

[package.dependencies]
attrs = ">=19.3.0,<20.0.0"
cli-ui = ">=0.10.3,<0.11.0"
docopt = ">=0.6.2,<0.7.0"
schema = ">=0.7.1,<0.8.0"
tomlkit = ">=0.5.8,<0.6.0"

[[package]]
category = "dev"
description = "Style preserving TOML library"
name = "tomlkit"
optional = false
python-versions = ">=2.7, !=3.0.*, !=3.1.*, !=3.2.*, !=3.3.*"
version = "0.5.11"

[[package]]
category = "dev"
description = "Backported and Experimental Type Hints for Python 3.5+"
marker = "python_version < \"3.8\""
name = "typing-extensions"
optional = false
python-versions = "*"
version = "3.7.4.3"

[[package]]
category = "dev"
description = "ASCII transliterations of Unicode text"
name = "unidecode"
optional = false
python-versions = ">=2.7, !=3.0.*, !=3.1.*, !=3.2.*, !=3.3.*"
version = "1.2.0"

[[package]]
category = "dev"
description = "Measures the displayed width of unicode strings in a terminal"
name = "wcwidth"
optional = false
python-versions = "*"
version = "0.2.5"

[[package]]
category = "dev"
description = "Backport of pathlib-compatible object wrapper for zip files"
marker = "python_version < \"3.8\""
name = "zipp"
optional = false
python-versions = ">=3.6"
version = "3.4.1"

[package.extras]
docs = ["sphinx", "jaraco.packaging (>=8.2)", "rst.linker (>=1.9)"]
testing = ["pytest (>=4.6)", "pytest-checkdocs (>=1.2.3)", "pytest-flake8", "pytest-cov", "pytest-enabler", "jaraco.itertools", "func-timeout", "pytest-black (>=0.3.7)", "pytest-mypy"]

[metadata]
content-hash = "38449b89f1c4335be4fde09c3c107ee6f1103c62e33769abc692da0c0f5db647"
python-versions = "^3.7"

[metadata.files]
atomicwrites = [
    {file = "atomicwrites-1.4.0-py2.py3-none-any.whl", hash = "sha256:6d1784dea7c0c8d4a5172b6c620f40b6e4cbfdf96d783691f2e1302a7b88e197"},
    {file = "atomicwrites-1.4.0.tar.gz", hash = "sha256:ae70396ad1a434f9c7046fd2dd196fc04b12f9e91ffb859164193be8b6168a7a"},
]
attrs = [
    {file = "attrs-19.3.0-py2.py3-none-any.whl", hash = "sha256:08a96c641c3a74e44eb59afb61a24f2cb9f4d7188748e76ba4bb5edfa3cb7d1c"},
    {file = "attrs-19.3.0.tar.gz", hash = "sha256:f7b7ce16570fe9965acd6d30101a28f62fb4a7f9e926b3bbc9b61f8b04247e72"},
]
cli-ui = [
    {file = "cli-ui-0.10.3.tar.gz", hash = "sha256:be517ec1a5385eb22c06d578c08ca65be59a33f00a0c09aa111db44a2f9dd211"},
    {file = "cli_ui-0.10.3-py3-none-any.whl", hash = "sha256:b1085140a4c843f7fb6053d25a25763ddf4c63106a3345a0b12303a4ff840a25"},
]
colorama = [
    {file = "colorama-0.4.4-py2.py3-none-any.whl", hash = "sha256:9f47eda37229f68eee03b24b9748937c7dc3868f906e8ba69fbcbdd3bc5dc3e2"},
    {file = "colorama-0.4.4.tar.gz", hash = "sha256:5941b2b48a20143d2267e95b1c2a7603ce057ee39fd88e7329b0c292aa16869b"},
]
contextlib2 = [
    {file = "contextlib2-0.6.0.post1-py2.py3-none-any.whl", hash = "sha256:3355078a159fbb44ee60ea80abd0d87b80b78c248643b49aa6d94673b413609b"},
    {file = "contextlib2-0.6.0.post1.tar.gz", hash = "sha256:01f490098c18b19d2bd5bb5dc445b2054d2fa97f09a4280ba2c5f3c394c8162e"},
]
docopt = [
    {file = "docopt-0.6.2.tar.gz", hash = "sha256:49b3a825280bd66b3aa83585ef59c4a8c82f2c8a522dbe754a8bc8d08c85c491"},
]
grpcio = [
    {file = "grpcio-1.36.1-cp27-cp27m-macosx_10_10_x86_64.whl", hash = "sha256:e3a83c5db16f95daac1d96cf3c9018d765579b5a29bb336758d793028e729921"},
    {file = "grpcio-1.36.1-cp27-cp27m-manylinux2010_i686.whl", hash = "sha256:c18739fecb90760b183bfcb4da1cf2c6bf57e38f7baa2c131d5f67d9a4c8365d"},
    {file = "grpcio-1.36.1-cp27-cp27m-manylinux2010_x86_64.whl", hash = "sha256:f6efa62ca1fe02cd34ec35f53446f04a15fe2c886a4e825f5679936a573d2cbf"},
    {file = "grpcio-1.36.1-cp27-cp27m-win32.whl", hash = "sha256:9a18299827a70be0507f98a65393b1c7f6c004fe2ca995fe23ffac534dd187a7"},
    {file = "grpcio-1.36.1-cp27-cp27m-win_amd64.whl", hash = "sha256:8a89190de1985a54ef311650cf9687ffb81de038973fd32e452636ddae36b29f"},
    {file = "grpcio-1.36.1-cp27-cp27mu-linux_armv7l.whl", hash = "sha256:3e75643d21db7d68acd541d3fec66faaa8061d12b511e101b529ff12a276bb9b"},
    {file = "grpcio-1.36.1-cp27-cp27mu-manylinux2010_i686.whl", hash = "sha256:3c5204e05e18268dd6a1099ca6c106fd9d00bcae1e37d5a5186094c55044c941"},
    {file = "grpcio-1.36.1-cp27-cp27mu-manylinux2010_x86_64.whl", hash = "sha256:24d4c2c5e540e666c52225953d6813afc8ccf9bf46db6a72edd4e8d606656248"},
    {file = "grpcio-1.36.1-cp35-cp35m-linux_armv7l.whl", hash = "sha256:4dc7295dc9673f7af22c1e38c2a2c24ecbd6773a4c5ed5a46ed38ad4dcf2bf6c"},
    {file = "grpcio-1.36.1-cp35-cp35m-macosx_10_10_intel.whl", hash = "sha256:f241116d4bf1a8037ff87f16914b606390824e50902bdbfa2262e855fbf07fe5"},
    {file = "grpcio-1.36.1-cp35-cp35m-manylinux2010_i686.whl", hash = "sha256:1056b558acfd575d774644826df449e1402a03e456a3192fafb6b06d1069bf80"},
    {file = "grpcio-1.36.1-cp35-cp35m-manylinux2010_x86_64.whl", hash = "sha256:52ec563da45d06319224ebbda53501d25594de64ee1b2786e119ba4a2f1ce40c"},
    {file = "grpcio-1.36.1-cp35-cp35m-manylinux2014_i686.whl", hash = "sha256:7cbeac9bbe6a4a7fce4a89c892c249135dd9f5f5219ede157174c34a456188f0"},
    {file = "grpcio-1.36.1-cp35-cp35m-manylinux2014_x86_64.whl", hash = "sha256:2abaa9f0d83bd0b26f6d0d1fc4b97d73bde3ceac36ab857f70d3cabcf31c5c79"},
    {file = "grpcio-1.36.1-cp35-cp35m-win32.whl", hash = "sha256:02030e1afd3247f2b159df9dff959ec79dd4047b1c4dd4eec9e3d1642efbd504"},
    {file = "grpcio-1.36.1-cp35-cp35m-win_amd64.whl", hash = "sha256:eafafc7e040e36aa926edc731ab52c23465981888779ae64bfc8ad85888ed4f3"},
    {file = "grpcio-1.36.1-cp36-cp36m-linux_armv7l.whl", hash = "sha256:1030e74ddd0fa6e3bad7944f0c68cf1251b15bcd70641f0ad3858fdf2b8602a0"},
    {file = "grpcio-1.36.1-cp36-cp36m-macosx_10_10_x86_64.whl", hash = "sha256:b003e24339030ed356f59505d1065b89e1f443ef41ce71ca9069be944c0d2e6b"},
    {file = "grpcio-1.36.1-cp36-cp36m-manylinux2010_i686.whl", hash = "sha256:76daa3c4d58fcf40f7969bdb4270335e96ee0382a050cadcd97d7332cd0251a3"},
    {file = "grpcio-1.36.1-cp36-cp36m-manylinux2010_x86_64.whl", hash = "sha256:f591597bb25eae0094ead5a965555e911453e5f35fdbdaa83be11ef107865697"},
    {file = "grpcio-1.36.1-cp36-cp36m-manylinux2014_i686.whl", hash = "sha256:cbd82c479338fc1c0e5c3db09752b61fe47d40c6e38e4be8657153712fa76674"},
    {file = "grpcio-1.36.1-cp36-cp36m-manylinux2014_x86_64.whl", hash = "sha256:7e32bc01dfaa7a51c547379644ea619a2161d6969affdac3bbd173478d26673d"},
    {file = "grpcio-1.36.1-cp36-cp36m-win32.whl", hash = "sha256:5378189fb897567f4929f75ab67a3e0da4f8967806246cb9cfa1fa06bfbdb0d5"},
    {file = "grpcio-1.36.1-cp36-cp36m-win_amd64.whl", hash = "sha256:3a6295aa692806218e97bb687a71cd768450ed99e2acddc488f18d738edef463"},
    {file = "grpcio-1.36.1-cp37-cp37m-macosx_10_10_x86_64.whl", hash = "sha256:6f6f8a8b57e40347d0bf32c2135037dae31d63d3b19007b4c426a11b76deaf65"},
    {file = "grpcio-1.36.1-cp37-cp37m-manylinux2010_i686.whl", hash = "sha256:4c05ed54b2a00df01e633bebec819b512bf0c60f8f5b3b36dd344dc673b02fea"},
    {file = "grpcio-1.36.1-cp37-cp37m-manylinux2010_x86_64.whl", hash = "sha256:e1b9e906aa6f7577016e86ed7f3a69cae7dab4e41356584dc7980f76ea65035f"},
    {file = "grpcio-1.36.1-cp37-cp37m-manylinux2014_i686.whl", hash = "sha256:a602d6b30760bbbb2fe776caaa914a0d404636cafc3f2322718bf8002d7b1e55"},
    {file = "grpcio-1.36.1-cp37-cp37m-manylinux2014_x86_64.whl", hash = "sha256:dee9971aef20fc09ed897420446c4d0926cd1d7630f343333288523ca5b44bb2"},
    {file = "grpcio-1.36.1-cp37-cp37m-win32.whl", hash = "sha256:ed16bfeda02268e75e038c58599d52afc7097d749916c079b26bc27a66900f7d"},
    {file = "grpcio-1.36.1-cp37-cp37m-win_amd64.whl", hash = "sha256:85a6035ae75ce964f78f19cf913938596ccf068b149fcd79f4371268bcb9aa7c"},
    {file = "grpcio-1.36.1-cp38-cp38-macosx_10_10_x86_64.whl", hash = "sha256:6b30682180053eebc87802c2f249d2f59b430e1a18e8808575dde0d22a968b2c"},
    {file = "grpcio-1.36.1-cp38-cp38-manylinux2010_i686.whl", hash = "sha256:5e4920a8fb5d17b2c5ba980db0ac1c925bbee3e5d70e96da3ec4fb1c8600d68f"},
    {file = "grpcio-1.36.1-cp38-cp38-manylinux2010_x86_64.whl", hash = "sha256:f7740d9d9451f3663df11b241ac05cafc0efaa052d2fdca6640c4d3748eaf6e2"},
    {file = "grpcio-1.36.1-cp38-cp38-manylinux2014_i686.whl", hash = "sha256:20b7c4c5513e1135a2261e56830c0e710f205fee92019b92fe132d7f16a5cfd8"},
    {file = "grpcio-1.36.1-cp38-cp38-manylinux2014_x86_64.whl", hash = "sha256:216fbd2a488e74c3b96e240e4054c85c4c99102a439bc9f556936991643f43bc"},
    {file = "grpcio-1.36.1-cp38-cp38-win32.whl", hash = "sha256:7863c2a140e829b1f4c6d67bf0bf15e5321ac4766d0a295e2682970d9dd4b091"},
    {file = "grpcio-1.36.1-cp38-cp38-win_amd64.whl", hash = "sha256:f214076eb13da9e65c1aa9877b51fca03f51a82bd8691358e1a1edd9ff341330"},
    {file = "grpcio-1.36.1-cp39-cp39-macosx_10_10_x86_64.whl", hash = "sha256:ec753c022b39656f88409fbf9f2d3b28497e3f17aa678f884d78776b41ebe6bd"},
    {file = "grpcio-1.36.1-cp39-cp39-manylinux2010_i686.whl", hash = "sha256:0648a6d5d7ddcd9c8462d7d961660ee024dad6b88152ee3a521819e611830edf"},
    {file = "grpcio-1.36.1-cp39-cp39-manylinux2010_x86_64.whl", hash = "sha256:45ea10dd133a43b10c0b4326834107ebccfee25dab59b312b78e018c2d72a1f0"},
    {file = "grpcio-1.36.1-cp39-cp39-manylinux2014_i686.whl", hash = "sha256:bab743cdac1d6d8326c65d1d091d0740b39966dfab06519f74a03b3d128b8454"},
    {file = "grpcio-1.36.1-cp39-cp39-manylinux2014_x86_64.whl", hash = "sha256:09af8ceb91860086216edc6e5ea15f9beb2cf81687faa43b7c03216f5b73e244"},
    {file = "grpcio-1.36.1-cp39-cp39-win32.whl", hash = "sha256:f3f70505207ee1cee65f60a799fd8e06e07861409aa0d55d834825a79b40c297"},
    {file = "grpcio-1.36.1-cp39-cp39-win_amd64.whl", hash = "sha256:f22c11772eff25ba1ca536e760b8c34ba56f2a9d66b6842cb11770a8f61f879d"},
    {file = "grpcio-1.36.1.tar.gz", hash = "sha256:a66ea59b20f3669df0f0c6a3bd57b985e5b2d1dcf3e4c29819bb8dc232d0fd38"},
]
importlib-metadata = [
    {file = "importlib_metadata-3.7.2-py3-none-any.whl", hash = "sha256:407d13f55dc6f2a844e62325d18ad7019a436c4bfcaee34cda35f2be6e7c3e34"},
    {file = "importlib_metadata-3.7.2.tar.gz", hash = "sha256:18d5ff601069f98d5d605b6a4b50c18a34811d655c55548adc833e687289acde"},
]
more-itertools = [
    {file = "more-itertools-8.7.0.tar.gz", hash = "sha256:c5d6da9ca3ff65220c3bfd2a8db06d698f05d4d2b9be57e1deb2be5a45019713"},
    {file = "more_itertools-8.7.0-py3-none-any.whl", hash = "sha256:5652a9ac72209ed7df8d9c15daf4e1aa0e3d2ccd3c87f8265a0673cd9cbc9ced"},
]
packaging = [
    {file = "packaging-20.9-py2.py3-none-any.whl", hash = "sha256:67714da7f7bc052e064859c05c595155bd1ee9f69f76557e21f051443c20947a"},
    {file = "packaging-20.9.tar.gz", hash = "sha256:5b327ac1320dc863dca72f4514ecc086f31186744b84a230374cc1fd776feae5"},
]
pluggy = [
    {file = "pluggy-0.13.1-py2.py3-none-any.whl", hash = "sha256:966c145cd83c96502c3c3868f50408687b38434af77734af1e9ca461a4081d2d"},
    {file = "pluggy-0.13.1.tar.gz", hash = "sha256:15b2acde666561e1298d71b523007ed7364de07029219b604cf808bfa1c765b0"},
]
portalocker = [
    {file = "portalocker-2.2.1-py2.py3-none-any.whl", hash = "sha256:afa66c85041d7bac1532acb74ff26cc2406472dcf7145c90c31ff8ca4f1cc146"},
    {file = "portalocker-2.2.1.tar.gz", hash = "sha256:e5f6ffb2f360e9aef615a7c284143d2a93bb640c62e8e45a703e6083fc5aa114"},
]
py = [
    {file = "py-1.10.0-py2.py3-none-any.whl", hash = "sha256:3b80836aa6d1feeaa108e046da6423ab8f6ceda6468545ae8d02d9d58d18818a"},
    {file = "py-1.10.0.tar.gz", hash = "sha256:21b81bda15b66ef5e1a777a21c4dcd9c20ad3efd0b3f817e7a809035269e1bd3"},
]
pyparsing = [
    {file = "pyparsing-2.4.7-py2.py3-none-any.whl", hash = "sha256:ef9d7589ef3c200abe66653d3f1ab1033c3c419ae9b9bdb1240a85b024efc88b"},
    {file = "pyparsing-2.4.7.tar.gz", hash = "sha256:c203ec8783bf771a155b207279b9bccb8dea02d8f0c9e5f8ead507bc3246ecc1"},
]
pytest = [
    {file = "pytest-5.4.3-py3-none-any.whl", hash = "sha256:5c0db86b698e8f170ba4582a492248919255fcd4c79b1ee64ace34301fb589a1"},
    {file = "pytest-5.4.3.tar.gz", hash = "sha256:7979331bfcba207414f5e1263b5a0f8f521d0f457318836a7355531ed1a4c7d8"},
]
pywin32 = [
    {file = "pywin32-300-cp35-cp35m-win32.whl", hash = "sha256:1c204a81daed2089e55d11eefa4826c05e604d27fe2be40b6bf8db7b6a39da63"},
    {file = "pywin32-300-cp35-cp35m-win_amd64.whl", hash = "sha256:350c5644775736351b77ba68da09a39c760d75d2467ecec37bd3c36a94fbed64"},
    {file = "pywin32-300-cp36-cp36m-win32.whl", hash = "sha256:a3b4c48c852d4107e8a8ec980b76c94ce596ea66d60f7a697582ea9dce7e0db7"},
    {file = "pywin32-300-cp36-cp36m-win_amd64.whl", hash = "sha256:27a30b887afbf05a9cbb05e3ffd43104a9b71ce292f64a635389dbad0ed1cd85"},
    {file = "pywin32-300-cp37-cp37m-win32.whl", hash = "sha256:d7e8c7efc221f10d6400c19c32a031add1c4a58733298c09216f57b4fde110dc"},
    {file = "pywin32-300-cp37-cp37m-win_amd64.whl", hash = "sha256:8151e4d7a19262d6694162d6da85d99a16f8b908949797fd99c83a0bfaf5807d"},
    {file = "pywin32-300-cp38-cp38-win32.whl", hash = "sha256:fbb3b1b0fbd0b4fc2a3d1d81fe0783e30062c1abed1d17c32b7879d55858cfae"},
    {file = "pywin32-300-cp38-cp38-win_amd64.whl", hash = "sha256:60a8fa361091b2eea27f15718f8eb7f9297e8d51b54dbc4f55f3d238093d5190"},
    {file = "pywin32-300-cp39-cp39-win32.whl", hash = "sha256:638b68eea5cfc8def537e43e9554747f8dee786b090e47ead94bfdafdb0f2f50"},
    {file = "pywin32-300-cp39-cp39-win_amd64.whl", hash = "sha256:b1609ce9bd5c411b81f941b246d683d6508992093203d4eb7f278f4ed1085c3f"},
]
schema = [
    {file = "schema-0.7.4-py2.py3-none-any.whl", hash = "sha256:cf97e4cd27e203ab6bb35968532de1ed8991bce542a646f0ff1d643629a4945d"},
    {file = "schema-0.7.4.tar.gz", hash = "sha256:fbb6a52eb2d9facf292f233adcc6008cffd94343c63ccac9a1cb1f3e6de1db17"},
]
six = [
    {file = "six-1.15.0-py2.py3-none-any.whl", hash = "sha256:8b74bedcbbbaca38ff6d7491d76f2b06b3592611af620f8426e82dddb04a5ced"},
    {file = "six-1.15.0.tar.gz", hash = "sha256:30639c035cdb23534cd4aa2dd52c3bf48f06e5f4a941509c8bafd8ce11080259"},
]
tabulate = [
    {file = "tabulate-0.8.9-py3-none-any.whl", hash = "sha256:d7c013fe7abbc5e491394e10fa845f8f32fe54f8dc60c6622c6cf482d25d47e4"},
    {file = "tabulate-0.8.9.tar.gz", hash = "sha256:eb1d13f25760052e8931f2ef80aaf6045a6cceb47514db8beab24cded16f13a7"},
]
tbump = [
    {file = "tbump-6.3.1-py3-none-any.whl", hash = "sha256:60a8b0e36654c705a359b0a1af289eff2397d4482a348219e150ee1169d63c7f"},
    {file = "tbump-6.3.1.tar.gz", hash = "sha256:9b63ef205105b16bf41617c484ccf9e3adb98ebae92e3557a6da5e97118880ad"},
]
tomlkit = [
    {file = "tomlkit-0.5.11-py2.py3-none-any.whl", hash = "sha256:4e1bd6c9197d984528f9ff0cc9db667c317d8881288db50db20eeeb0f6b0380b"},
    {file = "tomlkit-0.5.11.tar.gz", hash = "sha256:f044eda25647882e5ef22b43a1688fb6ab12af2fc50e8456cdfc751c873101cf"},
]
typing-extensions = [
    {file = "typing_extensions-3.7.4.3-py2-none-any.whl", hash = "sha256:dafc7639cde7f1b6e1acc0f457842a83e722ccca8eef5270af2d74792619a89f"},
    {file = "typing_extensions-3.7.4.3-py3-none-any.whl", hash = "sha256:7cb407020f00f7bfc3cb3e7881628838e69d8f3fcab2f64742a5e76b2f841918"},
    {file = "typing_extensions-3.7.4.3.tar.gz", hash = "sha256:99d4073b617d30288f569d3f13d2bd7548c3a7e4c8de87db09a9d29bb3a4a60c"},
]
unidecode = [
    {file = "Unidecode-1.2.0-py2.py3-none-any.whl", hash = "sha256:12435ef2fc4cdfd9cf1035a1db7e98b6b047fe591892e81f34e94959591fad00"},
    {file = "Unidecode-1.2.0.tar.gz", hash = "sha256:8d73a97d387a956922344f6b74243c2c6771594659778744b2dbdaad8f6b727d"},
]
wcwidth = [
    {file = "wcwidth-0.2.5-py2.py3-none-any.whl", hash = "sha256:beb4802a9cebb9144e99086eff703a642a13d6a0052920003a230f3294bbe784"},
    {file = "wcwidth-0.2.5.tar.gz", hash = "sha256:c4d647b99872929fdb7bdcaa4fbe7f01413ed3d98077df798530e5b04f116c83"},
]
zipp = [
    {file = "zipp-3.4.1-py3-none-any.whl", hash = "sha256:51cb66cc54621609dd593d1787f286ee42a5c0adbb4b29abea5a63edc3e03098"},
    {file = "zipp-3.4.1.tar.gz", hash = "sha256:3607921face881ba3e026887d8150cca609d517579abe052ac81fc5aeffdbd76"},
]
